
Microsoft Visual Studio Solution File, Format Version 12.00
# Visual Studio Version 17
VisualStudioVersion = 17.12.35323.107
MinimumVisualStudioVersion = 10.0.40219.1
Project("{FAE04EC0-301F-11D3-BF4B-00C04F79EFBC}") = "mrfpc.modloader", "mrfpc.modloader.csproj", "{37A4E985-E4B2-4EAB-945F-997710B76AD6}"
EndProject
Project("{FAE04EC0-301F-11D3-BF4B-00C04F79EFBC}") = "Persona.Merger.Common", "Persona.Merger.Common\Persona.Merger.Common.csproj", "{BDD297E2-554A-4EE4-8671-1C9E26D56E97}"
EndProject
Global
	GlobalSection(SolutionConfigurationPlatforms) = preSolution
		Debug|Any CPU = Debug|Any CPU
		Release|Any CPU = Release|Any CPU
	EndGlobalSection
	GlobalSection(ProjectConfigurationPlatforms) = postSolution
		{37A4E985-E4B2-4EAB-945F-997710B76AD6}.Debug|Any CPU.ActiveCfg = Debug|Any CPU
		{37A4E985-E4B2-4EAB-945F-997710B76AD6}.Debug|Any CPU.Build.0 = Debug|Any CPU
		{37A4E985-E4B2-4EAB-945F-997710B76AD6}.Release|Any CPU.ActiveCfg = Release|Any CPU
		{37A4E985-E4B2-4EAB-945F-997710B76AD6}.Release|Any CPU.Build.0 = Release|Any CPU
		{BDD297E2-554A-4EE4-8671-1C9E26D56E97}.Debug|Any CPU.ActiveCfg = Debug|Any CPU
		{BDD297E2-554A-4EE4-8671-1C9E26D56E97}.Debug|Any CPU.Build.0 = Debug|Any CPU
		{BDD297E2-554A-4EE4-8671-1C9E26D56E97}.Release|Any CPU.ActiveCfg = Release|Any CPU
		{BDD297E2-554A-4EE4-8671-1C9E26D56E97}.Release|Any CPU.Build.0 = Release|Any CPU
	EndGlobalSection
	GlobalSection(SolutionProperties) = preSolution
		HideSolutionNode = FALSE
	EndGlobalSection
	GlobalSection(ExtensibilityGlobals) = postSolution
		SolutionGuid = {CE59EE3D-3E52-4244-B624-F5B38740EEDA}
	EndGlobalSection
EndGlobal
